
Microsoft Visual Studio Solution File, Format Version 12.00
# Visual Studio Version 16
VisualStudioVersion = 16.0.30711.63
MinimumVisualStudioVersion = 10.0.40219.1
Project("{FAE04EC0-301F-11D3-BF4B-00C04F79EFBC}") = "ASassignment1", "ASassignment1.csproj", "{7CF696BD-AF50-4527-8E8A-4EF343D25D58}"
EndProject
Global
	GlobalSection(SolutionConfigurationPlatforms) = preSolution
		Debug|Any CPU = Debug|Any CPU
		Release|Any CPU = Release|Any CPU
	EndGlobalSection
	GlobalSection(ProjectConfigurationPlatforms) = postSolution
		{7CF696BD-AF50-4527-8E8A-4EF343D25D58}.Debug|Any CPU.ActiveCfg = Debug|Any CPU
		{7CF696BD-AF50-4527-8E8A-4EF343D25D58}.Debug|Any CPU.Build.0 = Debug|Any CPU
		{7CF696BD-AF50-4527-8E8A-4EF343D25D58}.Release|Any CPU.ActiveCfg = Release|Any CPU
		{7CF696BD-AF50-4527-8E8A-4EF343D25D58}.Release|Any CPU.Build.0 = Release|Any CPU
	EndGlobalSection
	GlobalSection(SolutionProperties) = preSolution
		HideSolutionNode = FALSE
	EndGlobalSection
	GlobalSection(ExtensibilityGlobals) = postSolution
		SolutionGuid = {157846F7-118F-47A0-85DD-BE5FB736D361}
	EndGlobalSection
EndGlobal
